
Microsoft Visual Studio Solution File, Format Version 12.00
# Visual Studio Version 17
VisualStudioVersion = 17.11.35208.52
MinimumVisualStudioVersion = 10.0.40219.1
Project("{FAE04EC0-301F-11D3-BF4B-00C04F79EFBC}") = "Lab#5", "Lab#5.csproj", "{F43EF38A-7157-4D41-BFD6-1074F6D2D6DE}"
EndProject
Project("{FAE04EC0-301F-11D3-BF4B-00C04F79EFBC}") = "Lab#6", "..\Lab#6\Lab#6.csproj", "{6550FE87-0E9A-4621-8695-D60C87AFD52C}"
EndProject
Project("{FAE04EC0-301F-11D3-BF4B-00C04F79EFBC}") = "Lab7", "..\Lab7\Lab7.csproj", "{759EDFCD-F1B8-481A-96E5-E407D58B5E55}"
EndProject
Project("{FAE04EC0-301F-11D3-BF4B-00C04F79EFBC}") = "Lab8", "..\Lab8\Lab8.csproj", "{C49D371D-1B97-40AC-A697-2AF0F5617A11}"
EndProject
Global
	GlobalSection(SolutionConfigurationPlatforms) = preSolution
		Debug|Any CPU = Debug|Any CPU
		Release|Any CPU = Release|Any CPU
	EndGlobalSection
	GlobalSection(ProjectConfigurationPlatforms) = postSolution
		{F43EF38A-7157-4D41-BFD6-1074F6D2D6DE}.Debug|Any CPU.ActiveCfg = Debug|Any CPU
		{F43EF38A-7157-4D41-BFD6-1074F6D2D6DE}.Debug|Any CPU.Build.0 = Debug|Any CPU
		{F43EF38A-7157-4D41-BFD6-1074F6D2D6DE}.Release|Any CPU.ActiveCfg = Release|Any CPU
		{F43EF38A-7157-4D41-BFD6-1074F6D2D6DE}.Release|Any CPU.Build.0 = Release|Any CPU
		{6550FE87-0E9A-4621-8695-D60C87AFD52C}.Debug|Any CPU.ActiveCfg = Debug|Any CPU
		{6550FE87-0E9A-4621-8695-D60C87AFD52C}.Debug|Any CPU.Build.0 = Debug|Any CPU
		{6550FE87-0E9A-4621-8695-D60C87AFD52C}.Release|Any CPU.ActiveCfg = Release|Any CPU
		{6550FE87-0E9A-4621-8695-D60C87AFD52C}.Release|Any CPU.Build.0 = Release|Any CPU
		{759EDFCD-F1B8-481A-96E5-E407D58B5E55}.Debug|Any CPU.ActiveCfg = Debug|Any CPU
		{759EDFCD-F1B8-481A-96E5-E407D58B5E55}.Debug|Any CPU.Build.0 = Debug|Any CPU
		{759EDFCD-F1B8-481A-96E5-E407D58B5E55}.Release|Any CPU.ActiveCfg = Release|Any CPU
		{759EDFCD-F1B8-481A-96E5-E407D58B5E55}.Release|Any CPU.Build.0 = Release|Any CPU
		{C49D371D-1B97-40AC-A697-2AF0F5617A11}.Debug|Any CPU.ActiveCfg = Debug|Any CPU
		{C49D371D-1B97-40AC-A697-2AF0F5617A11}.Debug|Any CPU.Build.0 = Debug|Any CPU
		{C49D371D-1B97-40AC-A697-2AF0F5617A11}.Release|Any CPU.ActiveCfg = Release|Any CPU
		{C49D371D-1B97-40AC-A697-2AF0F5617A11}.Release|Any CPU.Build.0 = Release|Any CPU
	EndGlobalSection
	GlobalSection(SolutionProperties) = preSolution
		HideSolutionNode = FALSE
	EndGlobalSection
	GlobalSection(ExtensibilityGlobals) = postSolution
		SolutionGuid = {806FF0FC-A665-4B93-89FE-1FD1A8A81CCF}
	EndGlobalSection
EndGlobal
